{
  "requires": true,
  "lockfileVersion": 1,
  "dependencies": {
    "object-to-formdata": {
      "version": "3.0.6",
      "resolved": "https://registry.npmjs.org/object-to-formdata/-/object-to-formdata-3.0.6.tgz",
      "integrity": "sha512-Cg1g9GwT2FOjn7NcIclM+/JIbIlDXhXC0cra3AixpGd6jXu/RECxLxA29U3zWpseI08cUeGQtHXegcyDIwgC+g=="
    }
  }
}
